Microsoft Visual Studio Solution File, Format Version 11.00
# Visual Studio 2008

Project("{BC4FA36E-E4B0-7DCE-59BB-7FC54D03F631}") = "SuvAlpha", "Assembly-CSharp.csproj", "{D417229A-130B-F517-91AA-2ED02AFC0174}"
EndProject
Global
	GlobalSection(SolutionConfigurationPlatforms) = preSolution
		Debug|Any CPU = Debug|Any CPU
		Release|Any CPU = Release|Any CPU
	EndGlobalSection
	GlobalSection(ProjectConfigurationPlatforms) = postSolution
		{D417229A-130B-F517-91AA-2ED02AFC0174}.Debug|Any CPU.ActiveCfg = Debug|Any CPU
		{D417229A-130B-F517-91AA-2ED02AFC0174}.Debug|Any CPU.Build.0 = Debug|Any CPU
		{D417229A-130B-F517-91AA-2ED02AFC0174}.Release|Any CPU.ActiveCfg = Release|Any CPU
		{D417229A-130B-F517-91AA-2ED02AFC0174}.Release|Any CPU.Build.0 = Release|Any CPU
	EndGlobalSection
	GlobalSection(SolutionProperties) = preSolution
		HideSolutionNode = FALSE
	EndGlobalSection
	GlobalSection(MonoDevelopProperties) = preSolution
		StartupItem = Assembly-CSharp.csproj
	EndGlobalSection
EndGlobal
